PODS:
  - GravitySliderFlowLayout (0.1.0)

DEPENDENCIES:
  - GravitySliderFlowLayout (from `../`)

EXTERNAL SOURCES:
  GravitySliderFlowLayout:
    :path: "../"

SPEC CHECKSUMS:
  GravitySliderFlowLayout: 38b2418d11363a44a19578ca964ef7f9c339e8d9

PODFILE CHECKSUM: b56c87daadb6ca1df755bb7f0699735cf17660c2

COCOAPODS: 1.2.0
